
Microsoft Visual Studio Solution File, Format Version 12.00
# Visual Studio Version 16
VisualStudioVersion = 16.0.31129.286
MinimumVisualStudioVersion = 10.0.40219.1
Project("{9A19103F-16F7-4668-BE54-9A1E7A4F7556}") = "Inheritance", "Inheritance\Inheritance.csproj", "{022C377B-C738-461C-8B53-5146D99017A2}"
EndProject
Project("{9A19103F-16F7-4668-BE54-9A1E7A4F7556}") = "Entities", "Entities\Entities.csproj", "{3F4D6DA6-A7EC-40CE-99F6-56BE35CBFC5E}"
EndProject
Project("{FAE04EC0-301F-11D3-BF4B-00C04F79EFBC}") = "Base", "Base\Base.csproj", "{F8CED026-C92B-4BBD-8E37-214512FFD3A2}"
EndProject
Global
	GlobalSection(SolutionConfigurationPlatforms) = preSolution
		Debug|Any CPU = Debug|Any CPU
		Release|Any CPU = Release|Any CPU
	EndGlobalSection
	GlobalSection(ProjectConfigurationPlatforms) = postSolution
		{022C377B-C738-461C-8B53-5146D99017A2}.Debug|Any CPU.ActiveCfg = Debug|Any CPU
		{022C377B-C738-461C-8B53-5146D99017A2}.Debug|Any CPU.Build.0 = Debug|Any CPU
		{022C377B-C738-461C-8B53-5146D99017A2}.Release|Any CPU.ActiveCfg = Release|Any CPU
		{022C377B-C738-461C-8B53-5146D99017A2}.Release|Any CPU.Build.0 = Release|Any CPU
		{3F4D6DA6-A7EC-40CE-99F6-56BE35CBFC5E}.Debug|Any CPU.ActiveCfg = Debug|Any CPU
		{3F4D6DA6-A7EC-40CE-99F6-56BE35CBFC5E}.Debug|Any CPU.Build.0 = Debug|Any CPU
		{3F4D6DA6-A7EC-40CE-99F6-56BE35CBFC5E}.Release|Any CPU.ActiveCfg = Release|Any CPU
		{3F4D6DA6-A7EC-40CE-99F6-56BE35CBFC5E}.Release|Any CPU.Build.0 = Release|Any CPU
		{F8CED026-C92B-4BBD-8E37-214512FFD3A2}.Debug|Any CPU.ActiveCfg = Debug|Any CPU
		{F8CED026-C92B-4BBD-8E37-214512FFD3A2}.Debug|Any CPU.Build.0 = Debug|Any CPU
		{F8CED026-C92B-4BBD-8E37-214512FFD3A2}.Release|Any CPU.ActiveCfg = Release|Any CPU
		{F8CED026-C92B-4BBD-8E37-214512FFD3A2}.Release|Any CPU.Build.0 = Release|Any CPU
	EndGlobalSection
	GlobalSection(SolutionProperties) = preSolution
		HideSolutionNode = FALSE
	EndGlobalSection
	GlobalSection(ExtensibilityGlobals) = postSolution
		SolutionGuid = {C3B9BF7A-BDF7-4217-B574-4E841202C020}
	EndGlobalSection
EndGlobal
