
Microsoft Visual Studio Solution File, Format Version 12.00
# Visual Studio Version 16
VisualStudioVersion = 16.0.31112.23
MinimumVisualStudioVersion = 10.0.40219.1
Project("{9A19103F-16F7-4668-BE54-9A1E7A4F7556}") = "program", "program\program.csproj", "{A616D340-85FF-4176-995F-A9C8B02FB0DB}"
EndProject
Project("{FAE04EC0-301F-11D3-BF4B-00C04F79EFBC}") = "program2", "program2\program2.csproj", "{0BA9ED26-3B47-4D51-B36F-FA644488A4D8}"
EndProject
Global
	GlobalSection(SolutionConfigurationPlatforms) = preSolution
		Debug|Any CPU = Debug|Any CPU
		Release|Any CPU = Release|Any CPU
	EndGlobalSection
	GlobalSection(ProjectConfigurationPlatforms) = postSolution
		{A616D340-85FF-4176-995F-A9C8B02FB0DB}.Debug|Any CPU.ActiveCfg = Debug|Any CPU
		{A616D340-85FF-4176-995F-A9C8B02FB0DB}.Debug|Any CPU.Build.0 = Debug|Any CPU
		{A616D340-85FF-4176-995F-A9C8B02FB0DB}.Release|Any CPU.ActiveCfg = Release|Any CPU
		{A616D340-85FF-4176-995F-A9C8B02FB0DB}.Release|Any CPU.Build.0 = Release|Any CPU
		{0BA9ED26-3B47-4D51-B36F-FA644488A4D8}.Debug|Any CPU.ActiveCfg = Debug|Any CPU
		{0BA9ED26-3B47-4D51-B36F-FA644488A4D8}.Debug|Any CPU.Build.0 = Debug|Any CPU
		{0BA9ED26-3B47-4D51-B36F-FA644488A4D8}.Release|Any CPU.ActiveCfg = Release|Any CPU
		{0BA9ED26-3B47-4D51-B36F-FA644488A4D8}.Release|Any CPU.Build.0 = Release|Any CPU
	EndGlobalSection
	GlobalSection(SolutionProperties) = preSolution
		HideSolutionNode = FALSE
	EndGlobalSection
	GlobalSection(ExtensibilityGlobals) = postSolution
		SolutionGuid = {3082B0C5-16BE-4939-9895-AC639A01D494}
	EndGlobalSection
EndGlobal
