
Microsoft Visual Studio Solution File, Format Version 12.00
# Visual Studio Version 16
VisualStudioVersion = 16.0.31112.23
MinimumVisualStudioVersion = 10.0.40219.1
Project("{FAE04EC0-301F-11D3-BF4B-00C04F79EFBC}") = "DateTimeObject", "DateTimeObject\DateTimeObject.csproj", "{FA0BF661-BBBE-42D2-AD98-0FE3DBF6DF0F}"
EndProject
Project("{FAE04EC0-301F-11D3-BF4B-00C04F79EFBC}") = "ClassesAndObjects", "ClassesAndObjects\ClassesAndObjects.csproj", "{2ABF3DB1-D96F-4809-9875-53995473D257}"
EndProject
Project("{FAE04EC0-301F-11D3-BF4B-00C04F79EFBC}") = "ClassExercises", "ClassExercises\ClassExercises.csproj", "{2D4BD02C-2799-4057-AF4C-6C0368AD40DD}"
EndProject
Global
	GlobalSection(SolutionConfigurationPlatforms) = preSolution
		Debug|Any CPU = Debug|Any CPU
		Release|Any CPU = Release|Any CPU
	EndGlobalSection
	GlobalSection(ProjectConfigurationPlatforms) = postSolution
		{FA0BF661-BBBE-42D2-AD98-0FE3DBF6DF0F}.Debug|Any CPU.ActiveCfg = Debug|Any CPU
		{FA0BF661-BBBE-42D2-AD98-0FE3DBF6DF0F}.Debug|Any CPU.Build.0 = Debug|Any CPU
		{FA0BF661-BBBE-42D2-AD98-0FE3DBF6DF0F}.Release|Any CPU.ActiveCfg = Release|Any CPU
		{FA0BF661-BBBE-42D2-AD98-0FE3DBF6DF0F}.Release|Any CPU.Build.0 = Release|Any CPU
		{2ABF3DB1-D96F-4809-9875-53995473D257}.Debug|Any CPU.ActiveCfg = Debug|Any CPU
		{2ABF3DB1-D96F-4809-9875-53995473D257}.Debug|Any CPU.Build.0 = Debug|Any CPU
		{2ABF3DB1-D96F-4809-9875-53995473D257}.Release|Any CPU.ActiveCfg = Release|Any CPU
		{2ABF3DB1-D96F-4809-9875-53995473D257}.Release|Any CPU.Build.0 = Release|Any CPU
		{2D4BD02C-2799-4057-AF4C-6C0368AD40DD}.Debug|Any CPU.ActiveCfg = Debug|Any CPU
		{2D4BD02C-2799-4057-AF4C-6C0368AD40DD}.Debug|Any CPU.Build.0 = Debug|Any CPU
		{2D4BD02C-2799-4057-AF4C-6C0368AD40DD}.Release|Any CPU.ActiveCfg = Release|Any CPU
		{2D4BD02C-2799-4057-AF4C-6C0368AD40DD}.Release|Any CPU.Build.0 = Release|Any CPU
	EndGlobalSection
	GlobalSection(SolutionProperties) = preSolution
		HideSolutionNode = FALSE
	EndGlobalSection
	GlobalSection(ExtensibilityGlobals) = postSolution
		SolutionGuid = {CCC7EFA9-1882-47BE-B8AE-E8BE288E1C74}
	EndGlobalSection
EndGlobal
