
Microsoft Visual Studio Solution File, Format Version 12.00
# Visual Studio Version 16
VisualStudioVersion = 16.0.31005.135
MinimumVisualStudioVersion = 10.0.40219.1
Project("{FAE04EC0-301F-11D3-BF4B-00C04F79EFBC}") = "SEDC.CSharpOop.Class08.Collections", "SEDC.CSharpOop.Class08.Collections\SEDC.CSharpOop.Class08.Collections.csproj", "{D4857E90-0E6F-4939-AFCE-7C8B1B146C94}"
EndProject
Global
	GlobalSection(SolutionConfigurationPlatforms) = preSolution
		Debug|Any CPU = Debug|Any CPU
		Release|Any CPU = Release|Any CPU
	EndGlobalSection
	GlobalSection(ProjectConfigurationPlatforms) = postSolution
		{D4857E90-0E6F-4939-AFCE-7C8B1B146C94}.Debug|Any CPU.ActiveCfg = Debug|Any CPU
		{D4857E90-0E6F-4939-AFCE-7C8B1B146C94}.Debug|Any CPU.Build.0 = Debug|Any CPU
		{D4857E90-0E6F-4939-AFCE-7C8B1B146C94}.Release|Any CPU.ActiveCfg = Release|Any CPU
		{D4857E90-0E6F-4939-AFCE-7C8B1B146C94}.Release|Any CPU.Build.0 = Release|Any CPU
	EndGlobalSection
	GlobalSection(SolutionProperties) = preSolution
		HideSolutionNode = FALSE
	EndGlobalSection
	GlobalSection(ExtensibilityGlobals) = postSolution
		SolutionGuid = {829BE1DB-6238-4C4B-B4F7-0D6ECD0197AA}
	EndGlobalSection
EndGlobal
