
Microsoft Visual Studio Solution File, Format Version 12.00
# Visual Studio Version 16
VisualStudioVersion = 16.0.31005.135
MinimumVisualStudioVersion = 10.0.40219.1
Project("{FAE04EC0-301F-11D3-BF4B-00C04F79EFBC}") = "Inheritance", "Inheritance\Inheritance.csproj", "{086340BC-72D4-4951-9957-A1AC1D762562}"
EndProject
Project("{FAE04EC0-301F-11D3-BF4B-00C04F79EFBC}") = "Models", "Models\Models.csproj", "{65555972-64DD-4FAA-8B19-15D74BA5D83A}"
EndProject
Project("{FAE04EC0-301F-11D3-BF4B-00C04F79EFBC}") = "SecondExample", "SecondExample\SecondExample.csproj", "{BBD57D3B-DFD4-446D-8C47-8A348155C416}"
EndProject
Global
	GlobalSection(SolutionConfigurationPlatforms) = preSolution
		Debug|Any CPU = Debug|Any CPU
		Release|Any CPU = Release|Any CPU
	EndGlobalSection
	GlobalSection(ProjectConfigurationPlatforms) = postSolution
		{086340BC-72D4-4951-9957-A1AC1D762562}.Debug|Any CPU.ActiveCfg = Debug|Any CPU
		{086340BC-72D4-4951-9957-A1AC1D762562}.Debug|Any CPU.Build.0 = Debug|Any CPU
		{086340BC-72D4-4951-9957-A1AC1D762562}.Release|Any CPU.ActiveCfg = Release|Any CPU
		{086340BC-72D4-4951-9957-A1AC1D762562}.Release|Any CPU.Build.0 = Release|Any CPU
		{65555972-64DD-4FAA-8B19-15D74BA5D83A}.Debug|Any CPU.ActiveCfg = Debug|Any CPU
		{65555972-64DD-4FAA-8B19-15D74BA5D83A}.Debug|Any CPU.Build.0 = Debug|Any CPU
		{65555972-64DD-4FAA-8B19-15D74BA5D83A}.Release|Any CPU.ActiveCfg = Release|Any CPU
		{65555972-64DD-4FAA-8B19-15D74BA5D83A}.Release|Any CPU.Build.0 = Release|Any CPU
		{BBD57D3B-DFD4-446D-8C47-8A348155C416}.Debug|Any CPU.ActiveCfg = Debug|Any CPU
		{BBD57D3B-DFD4-446D-8C47-8A348155C416}.Debug|Any CPU.Build.0 = Debug|Any CPU
		{BBD57D3B-DFD4-446D-8C47-8A348155C416}.Release|Any CPU.ActiveCfg = Release|Any CPU
		{BBD57D3B-DFD4-446D-8C47-8A348155C416}.Release|Any CPU.Build.0 = Release|Any CPU
	EndGlobalSection
	GlobalSection(SolutionProperties) = preSolution
		HideSolutionNode = FALSE
	EndGlobalSection
	GlobalSection(ExtensibilityGlobals) = postSolution
		SolutionGuid = {DB67446E-081C-4043-B36D-47BA4C014F18}
	EndGlobalSection
EndGlobal
