
Microsoft Visual Studio Solution File, Format Version 12.00
# Visual Studio Version 16
VisualStudioVersion = 16.0.31129.286
MinimumVisualStudioVersion = 10.0.40219.1
Project("{FAE04EC0-301F-11D3-BF4B-00C04F79EFBC}") = "ExerciseOne", "ExerciseOne\ExerciseOne.csproj", "{76BC70D9-57B3-4CA0-9AA8-09A0D6F1C59F}"
EndProject
Project("{FAE04EC0-301F-11D3-BF4B-00C04F79EFBC}") = "ExerciseTwo", "ExerciseTwo\ExerciseTwo.csproj", "{B7004D42-1A94-47E2-AF2A-50A7F903DB5F}"
EndProject
Project("{FAE04EC0-301F-11D3-BF4B-00C04F79EFBC}") = "ExerciseEntities", "ExerciseEntities\ExerciseEntities.csproj", "{0F859183-937F-4132-8303-99039B6AB64D}"
EndProject
Global
	GlobalSection(SolutionConfigurationPlatforms) = preSolution
		Debug|Any CPU = Debug|Any CPU
		Release|Any CPU = Release|Any CPU
	EndGlobalSection
	GlobalSection(ProjectConfigurationPlatforms) = postSolution
		{76BC70D9-57B3-4CA0-9AA8-09A0D6F1C59F}.Debug|Any CPU.ActiveCfg = Debug|Any CPU
		{76BC70D9-57B3-4CA0-9AA8-09A0D6F1C59F}.Debug|Any CPU.Build.0 = Debug|Any CPU
		{76BC70D9-57B3-4CA0-9AA8-09A0D6F1C59F}.Release|Any CPU.ActiveCfg = Release|Any CPU
		{76BC70D9-57B3-4CA0-9AA8-09A0D6F1C59F}.Release|Any CPU.Build.0 = Release|Any CPU
		{B7004D42-1A94-47E2-AF2A-50A7F903DB5F}.Debug|Any CPU.ActiveCfg = Debug|Any CPU
		{B7004D42-1A94-47E2-AF2A-50A7F903DB5F}.Debug|Any CPU.Build.0 = Debug|Any CPU
		{B7004D42-1A94-47E2-AF2A-50A7F903DB5F}.Release|Any CPU.ActiveCfg = Release|Any CPU
		{B7004D42-1A94-47E2-AF2A-50A7F903DB5F}.Release|Any CPU.Build.0 = Release|Any CPU
		{0F859183-937F-4132-8303-99039B6AB64D}.Debug|Any CPU.ActiveCfg = Debug|Any CPU
		{0F859183-937F-4132-8303-99039B6AB64D}.Debug|Any CPU.Build.0 = Debug|Any CPU
		{0F859183-937F-4132-8303-99039B6AB64D}.Release|Any CPU.ActiveCfg = Release|Any CPU
		{0F859183-937F-4132-8303-99039B6AB64D}.Release|Any CPU.Build.0 = Release|Any CPU
	EndGlobalSection
	GlobalSection(SolutionProperties) = preSolution
		HideSolutionNode = FALSE
	EndGlobalSection
	GlobalSection(ExtensibilityGlobals) = postSolution
		SolutionGuid = {E5CB9D3C-D44E-4C85-8782-47D6F5DE4EB4}
	EndGlobalSection
EndGlobal
