
Microsoft Visual Studio Solution File, Format Version 12.00
# Visual Studio Version 16
VisualStudioVersion = 16.0.31005.135
MinimumVisualStudioVersion = 10.0.40219.1
Project("{FAE04EC0-301F-11D3-BF4B-00C04F79EFBC}") = "SEDC.CSharpOop.Class06.ClassesApp", "SEDC.CSharpOop.Class06.ClassesApp\SEDC.CSharpOop.Class06.ClassesApp.csproj", "{0DBAFB6E-6623-436A-8989-A55421D8E849}"
EndProject
Project("{FAE04EC0-301F-11D3-BF4B-00C04F79EFBC}") = "SEDC.CSharpOop.Class06.Exercises", "SEDC.CSharpOop.Class06.Exercises\SEDC.CSharpOop.Class06.Exercises.csproj", "{F3AFD47D-4CB6-4A10-A086-039C3F0A6C01}"
EndProject
Global
	GlobalSection(SolutionConfigurationPlatforms) = preSolution
		Debug|Any CPU = Debug|Any CPU
		Release|Any CPU = Release|Any CPU
	EndGlobalSection
	GlobalSection(ProjectConfigurationPlatforms) = postSolution
		{0DBAFB6E-6623-436A-8989-A55421D8E849}.Debug|Any CPU.ActiveCfg = Debug|Any CPU
		{0DBAFB6E-6623-436A-8989-A55421D8E849}.Debug|Any CPU.Build.0 = Debug|Any CPU
		{0DBAFB6E-6623-436A-8989-A55421D8E849}.Release|Any CPU.ActiveCfg = Release|Any CPU
		{0DBAFB6E-6623-436A-8989-A55421D8E849}.Release|Any CPU.Build.0 = Release|Any CPU
		{F3AFD47D-4CB6-4A10-A086-039C3F0A6C01}.Debug|Any CPU.ActiveCfg = Debug|Any CPU
		{F3AFD47D-4CB6-4A10-A086-039C3F0A6C01}.Debug|Any CPU.Build.0 = Debug|Any CPU
		{F3AFD47D-4CB6-4A10-A086-039C3F0A6C01}.Release|Any CPU.ActiveCfg = Release|Any CPU
		{F3AFD47D-4CB6-4A10-A086-039C3F0A6C01}.Release|Any CPU.Build.0 = Release|Any CPU
	EndGlobalSection
	GlobalSection(SolutionProperties) = preSolution
		HideSolutionNode = FALSE
	EndGlobalSection
	GlobalSection(ExtensibilityGlobals) = postSolution
		SolutionGuid = {47D62C56-EC77-4A78-A178-308F59AA8C31}
	EndGlobalSection
EndGlobal
