
Microsoft Visual Studio Solution File, Format Version 12.00
# Visual Studio Version 16
VisualStudioVersion = 16.0.31112.23
MinimumVisualStudioVersion = 10.0.40219.1
Project("{9A19103F-16F7-4668-BE54-9A1E7A4F7556}") = "Inheritance", "Inheritance\Inheritance.csproj", "{EB87BA76-F617-43E6-82D8-BE840E7092AF}"
EndProject
Project("{9A19103F-16F7-4668-BE54-9A1E7A4F7556}") = "SecondPart", "SecondPart\SecondPart.csproj", "{78AC8011-ED2A-4A02-B2A7-071976387F03}"
EndProject
Project("{FAE04EC0-301F-11D3-BF4B-00C04F79EFBC}") = "SecondPartDomain", "SecondPartDomain\SecondPartDomain.csproj", "{AA87045C-A87C-4372-AEED-876AC54F2122}"
EndProject
Global
	GlobalSection(SolutionConfigurationPlatforms) = preSolution
		Debug|Any CPU = Debug|Any CPU
		Release|Any CPU = Release|Any CPU
	EndGlobalSection
	GlobalSection(ProjectConfigurationPlatforms) = postSolution
		{EB87BA76-F617-43E6-82D8-BE840E7092AF}.Debug|Any CPU.ActiveCfg = Debug|Any CPU
		{EB87BA76-F617-43E6-82D8-BE840E7092AF}.Debug|Any CPU.Build.0 = Debug|Any CPU
		{EB87BA76-F617-43E6-82D8-BE840E7092AF}.Release|Any CPU.ActiveCfg = Release|Any CPU
		{EB87BA76-F617-43E6-82D8-BE840E7092AF}.Release|Any CPU.Build.0 = Release|Any CPU
		{78AC8011-ED2A-4A02-B2A7-071976387F03}.Debug|Any CPU.ActiveCfg = Debug|Any CPU
		{78AC8011-ED2A-4A02-B2A7-071976387F03}.Debug|Any CPU.Build.0 = Debug|Any CPU
		{78AC8011-ED2A-4A02-B2A7-071976387F03}.Release|Any CPU.ActiveCfg = Release|Any CPU
		{78AC8011-ED2A-4A02-B2A7-071976387F03}.Release|Any CPU.Build.0 = Release|Any CPU
		{AA87045C-A87C-4372-AEED-876AC54F2122}.Debug|Any CPU.ActiveCfg = Debug|Any CPU
		{AA87045C-A87C-4372-AEED-876AC54F2122}.Debug|Any CPU.Build.0 = Debug|Any CPU
		{AA87045C-A87C-4372-AEED-876AC54F2122}.Release|Any CPU.ActiveCfg = Release|Any CPU
		{AA87045C-A87C-4372-AEED-876AC54F2122}.Release|Any CPU.Build.0 = Release|Any CPU
	EndGlobalSection
	GlobalSection(SolutionProperties) = preSolution
		HideSolutionNode = FALSE
	EndGlobalSection
	GlobalSection(ExtensibilityGlobals) = postSolution
		SolutionGuid = {4BFE2108-2455-4DB6-B06D-CA7C273C475D}
	EndGlobalSection
EndGlobal
