
Microsoft Visual Studio Solution File, Format Version 12.00
# Visual Studio Version 16
VisualStudioVersion = 16.0.30804.86
MinimumVisualStudioVersion = 10.0.40219.1
Project("{9A19103F-16F7-4668-BE54-9A1E7A4F7556}") = "SEDC.CSharpOop.StringFormating.ConsoleApp", "SEDC.CSharpOop.StringFormating.ConsoleApp\SEDC.CSharpOop.StringFormating.ConsoleApp.csproj", "{1F13D7F2-4019-4F19-B4C6-3F3C8BBEA2B2}"
EndProject
Project("{FAE04EC0-301F-11D3-BF4B-00C04F79EFBC}") = "SEDC.Class05.Dates.ConsoleApp", "SEDC.Class05.DateTime.ConsoleApp\SEDC.Class05.Dates.ConsoleApp.csproj", "{146707EC-761F-465A-B1CD-FEF32E82B30D}"
EndProject
Global
	GlobalSection(SolutionConfigurationPlatforms) = preSolution
		Debug|Any CPU = Debug|Any CPU
		Release|Any CPU = Release|Any CPU
	EndGlobalSection
	GlobalSection(ProjectConfigurationPlatforms) = postSolution
		{1F13D7F2-4019-4F19-B4C6-3F3C8BBEA2B2}.Debug|Any CPU.ActiveCfg = Debug|Any CPU
		{1F13D7F2-4019-4F19-B4C6-3F3C8BBEA2B2}.Debug|Any CPU.Build.0 = Debug|Any CPU
		{1F13D7F2-4019-4F19-B4C6-3F3C8BBEA2B2}.Release|Any CPU.ActiveCfg = Release|Any CPU
		{1F13D7F2-4019-4F19-B4C6-3F3C8BBEA2B2}.Release|Any CPU.Build.0 = Release|Any CPU
		{146707EC-761F-465A-B1CD-FEF32E82B30D}.Debug|Any CPU.ActiveCfg = Debug|Any CPU
		{146707EC-761F-465A-B1CD-FEF32E82B30D}.Debug|Any CPU.Build.0 = Debug|Any CPU
		{146707EC-761F-465A-B1CD-FEF32E82B30D}.Release|Any CPU.ActiveCfg = Release|Any CPU
		{146707EC-761F-465A-B1CD-FEF32E82B30D}.Release|Any CPU.Build.0 = Release|Any CPU
	EndGlobalSection
	GlobalSection(SolutionProperties) = preSolution
		HideSolutionNode = FALSE
	EndGlobalSection
	GlobalSection(ExtensibilityGlobals) = postSolution
		SolutionGuid = {BB813CD4-3B7C-4AA0-85C2-AF245BCEA60F}
	EndGlobalSection
EndGlobal
