
Microsoft Visual Studio Solution File, Format Version 12.00
# Visual Studio Version 16
VisualStudioVersion = 16.0.31112.23
MinimumVisualStudioVersion = 10.0.40219.1
Project("{FAE04EC0-301F-11D3-BF4B-00C04F79EFBC}") = "StarsApp", "StarsApp\StarsApp.csproj", "{70E6CC14-6D71-4F68-87A8-8356F3195740}"
EndProject
Global
	GlobalSection(SolutionConfigurationPlatforms) = preSolution
		Debug|Any CPU = Debug|Any CPU
		Release|Any CPU = Release|Any CPU
	EndGlobalSection
	GlobalSection(ProjectConfigurationPlatforms) = postSolution
		{70E6CC14-6D71-4F68-87A8-8356F3195740}.Debug|Any CPU.ActiveCfg = Debug|Any CPU
		{70E6CC14-6D71-4F68-87A8-8356F3195740}.Debug|Any CPU.Build.0 = Debug|Any CPU
		{70E6CC14-6D71-4F68-87A8-8356F3195740}.Release|Any CPU.ActiveCfg = Release|Any CPU
		{70E6CC14-6D71-4F68-87A8-8356F3195740}.Release|Any CPU.Build.0 = Release|Any CPU
	EndGlobalSection
	GlobalSection(SolutionProperties) = preSolution
		HideSolutionNode = FALSE
	EndGlobalSection
	GlobalSection(ExtensibilityGlobals) = postSolution
		SolutionGuid = {9510F413-A4BE-4795-B6F8-39C7EC438AB6}
	EndGlobalSection
EndGlobal
