
Microsoft Visual Studio Solution File, Format Version 12.00
# Visual Studio Version 16
VisualStudioVersion = 16.0.31129.286
MinimumVisualStudioVersion = 10.0.40219.1
Project("{FAE04EC0-301F-11D3-BF4B-00C04F79EFBC}") = "ClassLibrariesAndEnums", "ClassLibrariesAndEnums\ClassLibrariesAndEnums.csproj", "{AB5CF920-7AEF-4EEA-BDDF-287A562EDBF4}"
EndProject
Project("{FAE04EC0-301F-11D3-BF4B-00C04F79EFBC}") = "Models", "Models\Models.csproj", "{A851DB71-F574-4313-93DC-02F03DCAADC4}"
EndProject
Global
	GlobalSection(SolutionConfigurationPlatforms) = preSolution
		Debug|Any CPU = Debug|Any CPU
		Release|Any CPU = Release|Any CPU
	EndGlobalSection
	GlobalSection(ProjectConfigurationPlatforms) = postSolution
		{AB5CF920-7AEF-4EEA-BDDF-287A562EDBF4}.Debug|Any CPU.ActiveCfg = Debug|Any CPU
		{AB5CF920-7AEF-4EEA-BDDF-287A562EDBF4}.Debug|Any CPU.Build.0 = Debug|Any CPU
		{AB5CF920-7AEF-4EEA-BDDF-287A562EDBF4}.Release|Any CPU.ActiveCfg = Release|Any CPU
		{AB5CF920-7AEF-4EEA-BDDF-287A562EDBF4}.Release|Any CPU.Build.0 = Release|Any CPU
		{A851DB71-F574-4313-93DC-02F03DCAADC4}.Debug|Any CPU.ActiveCfg = Debug|Any CPU
		{A851DB71-F574-4313-93DC-02F03DCAADC4}.Debug|Any CPU.Build.0 = Debug|Any CPU
		{A851DB71-F574-4313-93DC-02F03DCAADC4}.Release|Any CPU.ActiveCfg = Release|Any CPU
		{A851DB71-F574-4313-93DC-02F03DCAADC4}.Release|Any CPU.Build.0 = Release|Any CPU
	EndGlobalSection
	GlobalSection(SolutionProperties) = preSolution
		HideSolutionNode = FALSE
	EndGlobalSection
	GlobalSection(ExtensibilityGlobals) = postSolution
		SolutionGuid = {C8368921-5E4B-49F6-B0D8-FDC99A586BA1}
	EndGlobalSection
EndGlobal
