
Microsoft Visual Studio Solution File, Format Version 12.00
# Visual Studio Version 16
VisualStudioVersion = 16.0.30413.136
MinimumVisualStudioVersion = 10.0.40219.1
Project("{FAE04EC0-301F-11D3-BF4B-00C04F79EFBC}") = "Exceptions", "Exceptions\Exceptions.csproj", "{56EA80C2-296D-4D3E-8873-1632A930F756}"
EndProject
Project("{FAE04EC0-301F-11D3-BF4B-00C04F79EFBC}") = "Exercises", "Exercises\Exercises.csproj", "{B8CDD458-8FB4-44C4-A391-331A1CB4BEAA}"
EndProject
Global
	GlobalSection(SolutionConfigurationPlatforms) = preSolution
		Debug|Any CPU = Debug|Any CPU
		Release|Any CPU = Release|Any CPU
	EndGlobalSection
	GlobalSection(ProjectConfigurationPlatforms) = postSolution
		{56EA80C2-296D-4D3E-8873-1632A930F756}.Debug|Any CPU.ActiveCfg = Debug|Any CPU
		{56EA80C2-296D-4D3E-8873-1632A930F756}.Debug|Any CPU.Build.0 = Debug|Any CPU
		{56EA80C2-296D-4D3E-8873-1632A930F756}.Release|Any CPU.ActiveCfg = Release|Any CPU
		{56EA80C2-296D-4D3E-8873-1632A930F756}.Release|Any CPU.Build.0 = Release|Any CPU
		{B8CDD458-8FB4-44C4-A391-331A1CB4BEAA}.Debug|Any CPU.ActiveCfg = Debug|Any CPU
		{B8CDD458-8FB4-44C4-A391-331A1CB4BEAA}.Debug|Any CPU.Build.0 = Debug|Any CPU
		{B8CDD458-8FB4-44C4-A391-331A1CB4BEAA}.Release|Any CPU.ActiveCfg = Release|Any CPU
		{B8CDD458-8FB4-44C4-A391-331A1CB4BEAA}.Release|Any CPU.Build.0 = Release|Any CPU
	EndGlobalSection
	GlobalSection(SolutionProperties) = preSolution
		HideSolutionNode = FALSE
	EndGlobalSection
	GlobalSection(ExtensibilityGlobals) = postSolution
		SolutionGuid = {FCAEE18C-0F37-4E21-AF14-CAE51C7D80F1}
	EndGlobalSection
EndGlobal
