
Microsoft Visual Studio Solution File, Format Version 12.00
# Visual Studio Version 16
VisualStudioVersion = 16.0.30804.86
MinimumVisualStudioVersion = 10.0.40219.1
Project("{FAE04EC0-301F-11D3-BF4B-00C04F79EFBC}") = "SEDC.OopCSharp.Exceptions.ConsoleApp", "SEDC.OopCSharp.Exceptions.ConsoleApp\SEDC.OopCSharp.Exceptions.ConsoleApp.csproj", "{80A2AEFC-C5A2-4A2C-BBCD-16EFBEDE7EB9}"
EndProject
Project("{FAE04EC0-301F-11D3-BF4B-00C04F79EFBC}") = "SEDC.OopCSharp.Exceptions.Demo", "SEDC.OopCSharp.Exceptions.Demo\SEDC.OopCSharp.Exceptions.Demo.csproj", "{9F86583D-D05A-4573-A534-830F8A6348D9}"
EndProject
Global
	GlobalSection(SolutionConfigurationPlatforms) = preSolution
		Debug|Any CPU = Debug|Any CPU
		Release|Any CPU = Release|Any CPU
	EndGlobalSection
	GlobalSection(ProjectConfigurationPlatforms) = postSolution
		{80A2AEFC-C5A2-4A2C-BBCD-16EFBEDE7EB9}.Debug|Any CPU.ActiveCfg = Debug|Any CPU
		{80A2AEFC-C5A2-4A2C-BBCD-16EFBEDE7EB9}.Debug|Any CPU.Build.0 = Debug|Any CPU
		{80A2AEFC-C5A2-4A2C-BBCD-16EFBEDE7EB9}.Release|Any CPU.ActiveCfg = Release|Any CPU
		{80A2AEFC-C5A2-4A2C-BBCD-16EFBEDE7EB9}.Release|Any CPU.Build.0 = Release|Any CPU
		{9F86583D-D05A-4573-A534-830F8A6348D9}.Debug|Any CPU.ActiveCfg = Debug|Any CPU
		{9F86583D-D05A-4573-A534-830F8A6348D9}.Debug|Any CPU.Build.0 = Debug|Any CPU
		{9F86583D-D05A-4573-A534-830F8A6348D9}.Release|Any CPU.ActiveCfg = Release|Any CPU
		{9F86583D-D05A-4573-A534-830F8A6348D9}.Release|Any CPU.Build.0 = Release|Any CPU
	EndGlobalSection
	GlobalSection(SolutionProperties) = preSolution
		HideSolutionNode = FALSE
	EndGlobalSection
	GlobalSection(ExtensibilityGlobals) = postSolution
		SolutionGuid = {0539A84F-5417-4B82-8695-AD886DDEB7F6}
	EndGlobalSection
EndGlobal
